
Microsoft Visual Studio Solution File, Format Version 12.00
# Visual Studio Version 17
VisualStudioVersion = 17.14.36616.10 d17.14
MinimumVisualStudioVersion = 10.0.40219.1
Project("{FAE04EC0-301F-11D3-BF4B-00C04F79EFBC}") = "mqtt_serial", "mqtt_serial.csproj", "{0B99DE10-2335-4AA9-B116-DE941A55102D}"
EndProject
Global
	GlobalSection(SolutionConfigurationPlatforms) = preSolution
		Debug|Any CPU = Debug|Any CPU
		Release|Any CPU = Release|Any CPU
	EndGlobalSection
	GlobalSection(ProjectConfigurationPlatforms) = postSolution
		{0B99DE10-2335-4AA9-B116-DE941A55102D}.Debug|Any CPU.ActiveCfg = Debug|Any CPU
		{0B99DE10-2335-4AA9-B116-DE941A55102D}.Debug|Any CPU.Build.0 = Debug|Any CPU
		{0B99DE10-2335-4AA9-B116-DE941A55102D}.Release|Any CPU.ActiveCfg = Release|Any CPU
		{0B99DE10-2335-4AA9-B116-DE941A55102D}.Release|Any CPU.Build.0 = Release|Any CPU
	EndGlobalSection
	GlobalSection(SolutionProperties) = preSolution
		HideSolutionNode = FALSE
	EndGlobalSection
	GlobalSection(ExtensibilityGlobals) = postSolution
		SolutionGuid = {ACB75FDD-3D77-4A84-BC69-D567CE0EEAC8}
	EndGlobalSection
EndGlobal
